// !$*UTF8*$!
{
	archiveVersion = 1;
	classes = {
	};
	objectVersion = 60;
	objects = {

/* Begin PBXBuildFile section */
		E3190D602AF927B4006F618C /* currency_converterApp.swift in Sources */ = {isa = PBXBuildFile; fileRef = E3190D5F2AF927B4006F618C /* currency_converterApp.swift */; };
		E3190D622AF927B4006F618C /* ContentView.swift in Sources */ = {isa = PBXBuildFile; fileRef = E3190D612AF927B4006F618C /* ContentView.swift */; };
		E3190D642AF927B6006F618C /* Assets.xcassets in Resources */ = {isa = PBXBuildFile; fileRef = E3190D632AF927B6006F618C /* Assets.xcassets */; };
		E3190D672AF927B6006F618C /* Preview Assets.xcassets in Resources */ = {isa = PBXBuildFile; fileRef = E3190D662AF927B6006F618C /* Preview Assets.xcassets */; };
		E3190D712AF927B7006F618C /* currency_converterTests.swift in Sources */ = {isa = PBXBuildFile; fileRef = E3190D702AF927B7006F618C /* currency_converterTests.swift */; };
		E3190D7B2AF927B7006F618C /* currency_converterUITests.swift in Sources */ = {isa = PBXBuildFile; fileRef = E3190D7A2AF927B7006F618C /* currency_converterUITests.swift */; };
		E3190D7D2AF927B7006F618C /* currency_converterUITestsLaunchTests.swift in Sources */ = {isa = PBXBuildFile; fileRef = E3190D7C2AF927B7006F618C /* currency_converterUITestsLaunchTests.swift */; };
		E3190D8A2AFA461D006F618C /* OpenExchangeRatesUrl.swift in Sources */ = {isa = PBXBuildFile; fileRef = E3190D892AFA461D006F618C /* OpenExchangeRatesUrl.swift */; };
		E3190D8D2AFA469C006F618C /* Conversion.swift in Sources */ = {isa = PBXBuildFile; fileRef = E3190D8C2AFA469C006F618C /* Conversion.swift */; };
		E3190D8F2AFA46CB006F618C /* ConversionRatesAPI.swift in Sources */ = {isa = PBXBuildFile; fileRef = E3190D8E2AFA46CB006F618C /* ConversionRatesAPI.swift */; };
		E3190D912AFAA750006F618C /* RequestManager.swift in Sources */ = {isa = PBXBuildFile; fileRef = E3190D902AFAA750006F618C /* RequestManager.swift */; };
		E3190D942AFAB6BA006F618C /* ConversionMock.swift in Sources */ = {isa = PBXBuildFile; fileRef = E3190D932AFAB6BA006F618C /* ConversionMock.swift */; };
		E3190D982AFBF5BC006F618C /* Request.swift in Sources */ = {isa = PBXBuildFile; fileRef = E3190D972AFBF5BC006F618C /* Request.swift */; };
		E3190D9E2AFE9D9F006F618C /* CurrencyChoiceView.swift in Sources */ = {isa = PBXBuildFile; fileRef = E3190D9D2AFE9D9F006F618C /* CurrencyChoiceView.swift */; };
		E3190DA12AFEAD20006F618C /* NumberFormatter+extension.swift in Sources */ = {isa = PBXBuildFile; fileRef = E3190DA02AFEAD20006F618C /* NumberFormatter+extension.swift */; };
		E38139102B0F908700CF09F4 /* Loadable.swift in Sources */ = {isa = PBXBuildFile; fileRef = E381390F2B0F908700CF09F4 /* Loadable.swift */; };
		E38139182B0F9C4600CF09F4 /* Constants.swift in Sources */ = {isa = PBXBuildFile; fileRef = E38139172B0F9C4600CF09F4 /* Constants.swift */; };
		E381391A2B0FA2A600CF09F4 /* LoadingView.swift in Sources */ = {isa = PBXBuildFile; fileRef = E38139192B0FA2A600CF09F4 /* LoadingView.swift */; };
		E381391C2B0FA51D00CF09F4 /* ErrorView.swift in Sources */ = {isa = PBXBuildFile; fileRef = E381391B2B0FA51D00CF09F4 /* ErrorView.swift */; };
		E381391F2B189BE900CF09F4 /* Realm in Frameworks */ = {isa = PBXBuildFile; productRef = E381391E2B189BE900CF09F4 /* Realm */; };
		E38139212B189BE900CF09F4 /* RealmSwift in Frameworks */ = {isa = PBXBuildFile; productRef = E38139202B189BE900CF09F4 /* RealmSwift */; };
		E38139232B189C2500CF09F4 /* Service.swift in Sources */ = {isa = PBXBuildFile; fileRef = E38139222B189C2500CF09F4 /* Service.swift */; };
		E38139262B189C4700CF09F4 /* Storage.swift in Sources */ = {isa = PBXBuildFile; fileRef = E38139252B189C4700CF09F4 /* Storage.swift */; };
		E38139282B189C4F00CF09F4 /* DefaultStorage.swift in Sources */ = {isa = PBXBuildFile; fileRef = E38139272B189C4F00CF09F4 /* DefaultStorage.swift */; };
		E381392A2B189C7800CF09F4 /* Model.swift in Sources */ = {isa = PBXBuildFile; fileRef = E38139292B189C7800CF09F4 /* Model.swift */; };
		E381392D2B189C9B00CF09F4 /* ConversionRatesDB.swift in Sources */ = {isa = PBXBuildFile; fileRef = E381392C2B189C9B00CF09F4 /* ConversionRatesDB.swift */; };
		E38139302B189D9600CF09F4 /* ConversionRates.swift in Sources */ = {isa = PBXBuildFile; fileRef = E381392F2B189D9600CF09F4 /* ConversionRates.swift */; };
		E38139322B189F4400CF09F4 /* NetworkError.swift in Sources */ = {isa = PBXBuildFile; fileRef = E38139312B189F4400CF09F4 /* NetworkError.swift */; };
		E38139362B18A41000CF09F4 /* CurrencyDictionnary+extensions.swift in Sources */ = {isa = PBXBuildFile; fileRef = E38139352B18A41000CF09F4 /* CurrencyDictionnary+extensions.swift */; };
		E38139392B18A54E00CF09F4 /* ConversionService.swift in Sources */ = {isa = PBXBuildFile; fileRef = E38139382B18A54E00CF09F4 /* ConversionService.swift */; };
		E381393B2B18A55700CF09F4 /* CurrencyService.swift in Sources */ = {isa = PBXBuildFile; fileRef = E381393A2B18A55700CF09F4 /* CurrencyService.swift */; };
		E38139422B18FD5C00CF09F4 /* MySDK in Frameworks */ = {isa = PBXBuildFile; productRef = E38139412B18FD5C00CF09F4 /* MySDK */; };
		E387AEEC2B3F457E0071DE50 /* Item.swift in Sources */ = {isa = PBXBuildFile; fileRef = E387AEEB2B3F457E0071DE50 /* Item.swift */; };
		E387AEEE2B3F47F40071DE50 /* ItemValue.swift in Sources */ = {isa = PBXBuildFile; fileRef = E387AEED2B3F47F40071DE50 /* ItemValue.swift */; };
		E387AEF12B4059980071DE50 /* CurrencyTextfield.swift in Sources */ = {isa = PBXBuildFile; fileRef = E387AEF02B4059980071DE50 /* CurrencyTextfield.swift */; };
		E387AEF32B4059FC0071DE50 /* CurrencySelector.swift in Sources */ = {isa = PBXBuildFile; fileRef = E387AEF22B4059FC0071DE50 /* CurrencySelector.swift */; };
/* End PBXBuildFile section */

/* Begin PBXContainerItemProxy section */
		E3190D6D2AF927B7006F618C /* PBXContainerItemProxy */ = {
			isa = PBXContainerItemProxy;
			containerPortal = E3190D542AF927B3006F618C /* Project object */;
			proxyType = 1;
			remoteGlobalIDString = E3190D5B2AF927B3006F618C;
			remoteInfo = "currency-converter";
		};
		E3190D772AF927B7006F618C /* PBXContainerItemProxy */ = {
			isa = PBXContainerItemProxy;
			containerPortal = E3190D542AF927B3006F618C /* Project object */;
			proxyType = 1;
			remoteGlobalIDString = E3190D5B2AF927B3006F618C;
			remoteInfo = "currency-converter";
		};
/* End PBXContainerItemProxy section */

/* Begin PBXCopyFilesBuildPhase section */
		E387AE8D2B1F15C30071DE50 /* Embed Foundation Extensions */ = {
			isa = PBXCopyFilesBuildPhase;
			buildActionMask = 2147483647;
			dstPath = "";
			dstSubfolderSpec = 13;
			files = (
			);
			name = "Embed Foundation Extensions";
			runOnlyForDeploymentPostprocessing = 0;
		};
		E387AEA02B1F18B50071DE50 /* Embed Frameworks */ = {
			isa = PBXCopyFilesBuildPhase;
			buildActionMask = 2147483647;
			dstPath = "";
			dstSubfolderSpec = 10;
			files = (
			);
			name = "Embed Frameworks";
			runOnlyForDeploymentPostprocessing = 0;
		};
/* End PBXCopyFilesBuildPhase section */

/* Begin PBXFileReference section */
		E3190D5C2AF927B4006F618C /* currency-converter.app */ = {isa = PBXFileReference; explicitFileType = wrapper.application; includeInIndex = 0; path = "currency-converter.app"; sourceTree = BUILT_PRODUCTS_DIR; };
		E3190D5F2AF927B4006F618C /* currency_converterApp.swift */ = {isa = PBXFileReference; lastKnownFileType = sourcecode.swift; path = currency_converterApp.swift; sourceTree = "<group>"; };
		E3190D612AF927B4006F618C /* ContentView.swift */ = {isa = PBXFileReference; lastKnownFileType = sourcecode.swift; path = ContentView.swift; sourceTree = "<group>"; };
		E3190D632AF927B6006F618C /* Assets.xcassets */ = {isa = PBXFileReference; lastKnownFileType = folder.assetcatalog; path = Assets.xcassets; sourceTree = "<group>"; };
		E3190D662AF927B6006F618C /* Preview Assets.xcassets */ = {isa = PBXFileReference; lastKnownFileType = folder.assetcatalog; path = "Preview Assets.xcassets"; sourceTree = "<group>"; };
		E3190D6C2AF927B7006F618C /* currency-converterTests.xctest */ = {isa = PBXFileReference; explicitFileType = wrapper.cfbundle; includeInIndex = 0; path = "currency-converterTests.xctest"; sourceTree = BUILT_PRODUCTS_DIR; };
		E3190D702AF927B7006F618C /* currency_converterTests.swift */ = {isa = PBXFileReference; lastKnownFileType = sourcecode.swift; path = currency_converterTests.swift; sourceTree = "<group>"; };
		E3190D762AF927B7006F618C /* currency-converterUITests.xctest */ = {isa = PBXFileReference; explicitFileType = wrapper.cfbundle; includeInIndex = 0; path = "currency-converterUITests.xctest"; sourceTree = BUILT_PRODUCTS_DIR; };
		E3190D7A2AF927B7006F618C /* currency_converterUITests.swift */ = {isa = PBXFileReference; lastKnownFileType = sourcecode.swift; path = currency_converterUITests.swift; sourceTree = "<group>"; };
		E3190D7C2AF927B7006F618C /* currency_converterUITestsLaunchTests.swift */ = {isa = PBXFileReference; lastKnownFileType = sourcecode.swift; path = currency_converterUITestsLaunchTests.swift; sourceTree = "<group>"; };
		E3190D892AFA461D006F618C /* OpenExchangeRatesUrl.swift */ = {isa = PBXFileReference; lastKnownFileType = sourcecode.swift; path = OpenExchangeRatesUrl.swift; sourceTree = "<group>"; };
		E3190D8C2AFA469C006F618C /* Conversion.swift */ = {isa = PBXFileReference; lastKnownFileType = sourcecode.swift; path = Conversion.swift; sourceTree = "<group>"; };
		E3190D8E2AFA46CB006F618C /* ConversionRatesAPI.swift */ = {isa = PBXFileReference; lastKnownFileType = sourcecode.swift; path = ConversionRatesAPI.swift; sourceTree = "<group>"; };
		E3190D902AFAA750006F618C /* RequestManager.swift */ = {isa = PBXFileReference; lastKnownFileType = sourcecode.swift; path = RequestManager.swift; sourceTree = "<group>"; };
		E3190D932AFAB6BA006F618C /* ConversionMock.swift */ = {isa = PBXFileReference; lastKnownFileType = sourcecode.swift; path = ConversionMock.swift; sourceTree = "<group>"; };
		E3190D972AFBF5BC006F618C /* Request.swift */ = {isa = PBXFileReference; lastKnownFileType = sourcecode.swift; path = Request.swift; sourceTree = "<group>"; };
		E3190D9D2AFE9D9F006F618C /* CurrencyChoiceView.swift */ = {isa = PBXFileReference; lastKnownFileType = sourcecode.swift; path = CurrencyChoiceView.swift; sourceTree = "<group>"; };
		E3190DA02AFEAD20006F618C /* NumberFormatter+extension.swift */ = {isa = PBXFileReference; lastKnownFileType = sourcecode.swift; path = "NumberFormatter+extension.swift"; sourceTree = "<group>"; };
		E381390F2B0F908700CF09F4 /* Loadable.swift */ = {isa = PBXFileReference; lastKnownFileType = sourcecode.swift; path = Loadable.swift; sourceTree = "<group>"; };
		E38139172B0F9C4600CF09F4 /* Constants.swift */ = {isa = PBXFileReference; lastKnownFileType = sourcecode.swift; path = Constants.swift; sourceTree = "<group>"; };
		E38139192B0FA2A600CF09F4 /* LoadingView.swift */ = {isa = PBXFileReference; lastKnownFileType = sourcecode.swift; path = LoadingView.swift; sourceTree = "<group>"; };
		E381391B2B0FA51D00CF09F4 /* ErrorView.swift */ = {isa = PBXFileReference; lastKnownFileType = sourcecode.swift; path = ErrorView.swift; sourceTree = "<group>"; };
		E38139222B189C2500CF09F4 /* Service.swift */ = {isa = PBXFileReference; lastKnownFileType = sourcecode.swift; path = Service.swift; sourceTree = "<group>"; };
		E38139252B189C4700CF09F4 /* Storage.swift */ = {isa = PBXFileReference; lastKnownFileType = sourcecode.swift; path = Storage.swift; sourceTree = "<group>"; };
		E38139272B189C4F00CF09F4 /* DefaultStorage.swift */ = {isa = PBXFileReference; lastKnownFileType = sourcecode.swift; path = DefaultStorage.swift; sourceTree = "<group>"; };
		E38139292B189C7800CF09F4 /* Model.swift */ = {isa = PBXFileReference; lastKnownFileType = sourcecode.swift; path = Model.swift; sourceTree = "<group>"; };
		E381392C2B189C9B00CF09F4 /* ConversionRatesDB.swift */ = {isa = PBXFileReference; lastKnownFileType = sourcecode.swift; path = ConversionRatesDB.swift; sourceTree = "<group>"; };
		E381392F2B189D9600CF09F4 /* ConversionRates.swift */ = {isa = PBXFileReference; lastKnownFileType = sourcecode.swift; path = ConversionRates.swift; sourceTree = "<group>"; };
		E38139312B189F4400CF09F4 /* NetworkError.swift */ = {isa = PBXFileReference; lastKnownFileType = sourcecode.swift; path = NetworkError.swift; sourceTree = "<group>"; };
		E38139352B18A41000CF09F4 /* CurrencyDictionnary+extensions.swift */ = {isa = PBXFileReference; lastKnownFileType = sourcecode.swift; path = "CurrencyDictionnary+extensions.swift"; sourceTree = "<group>"; };
		E38139382B18A54E00CF09F4 /* ConversionService.swift */ = {isa = PBXFileReference; lastKnownFileType = sourcecode.swift; path = ConversionService.swift; sourceTree = "<group>"; };
		E381393A2B18A55700CF09F4 /* CurrencyService.swift */ = {isa = PBXFileReference; lastKnownFileType = sourcecode.swift; path = CurrencyService.swift; sourceTree = "<group>"; };
		E387AEEB2B3F457E0071DE50 /* Item.swift */ = {isa = PBXFileReference; lastKnownFileType = sourcecode.swift; path = Item.swift; sourceTree = "<group>"; };
		E387AEED2B3F47F40071DE50 /* ItemValue.swift */ = {isa = PBXFileReference; lastKnownFileType = sourcecode.swift; path = ItemValue.swift; sourceTree = "<group>"; };
		E387AEF02B4059980071DE50 /* CurrencyTextfield.swift */ = {isa = PBXFileReference; lastKnownFileType = sourcecode.swift; path = CurrencyTextfield.swift; sourceTree = "<group>"; };
		E387AEF22B4059FC0071DE50 /* CurrencySelector.swift */ = {isa = PBXFileReference; lastKnownFileType = sourcecode.swift; path = CurrencySelector.swift; sourceTree = "<group>"; };
/* End PBXFileReference section */

/* Begin PBXFrameworksBuildPhase section */
		E3190D592AF927B3006F618C /* Frameworks */ = {
			isa = PBXFrameworksBuildPhase;
			buildActionMask = 2147483647;
			files = (
				E38139422B18FD5C00CF09F4 /* MySDK in Frameworks */,
				E38139212B189BE900CF09F4 /* RealmSwift in Frameworks */,
				E381391F2B189BE900CF09F4 /* Realm in Frameworks */,
			);
			runOnlyForDeploymentPostprocessing = 0;
		};
		E3190D692AF927B7006F618C /* Frameworks */ = {
			isa = PBXFrameworksBuildPhase;
			buildActionMask = 2147483647;
			files = (
			);
			runOnlyForDeploymentPostprocessing = 0;
		};
		E3190D732AF927B7006F618C /* Frameworks */ = {
			isa = PBXFrameworksBuildPhase;
			buildActionMask = 2147483647;
			files = (
			);
			runOnlyForDeploymentPostprocessing = 0;
		};
/* End PBXFrameworksBuildPhase section */

/* Begin PBXGroup section */
		E3190D532AF927B3006F618C = {
			isa = PBXGroup;
			children = (
				E3190D5E2AF927B4006F618C /* currency-converter */,
				E3190D6F2AF927B7006F618C /* currency-converterTests */,
				E3190D792AF927B7006F618C /* currency-converterUITests */,
				E3190D5D2AF927B4006F618C /* Products */,
			);
			sourceTree = "<group>";
		};
		E3190D5D2AF927B4006F618C /* Products */ = {
			isa = PBXGroup;
			children = (
				E3190D5C2AF927B4006F618C /* currency-converter.app */,
				E3190D6C2AF927B7006F618C /* currency-converterTests.xctest */,
				E3190D762AF927B7006F618C /* currency-converterUITests.xctest */,
			);
			name = Products;
			sourceTree = "<group>";
		};
		E3190D5E2AF927B4006F618C /* currency-converter */ = {
			isa = PBXGroup;
			children = (
				E38139112B0F95CD00CF09F4 /* Service */,
				E3190D9F2AFEAD0B006F618C /* Extension */,
				E3190D962AFBF592006F618C /* IO */,
				E3190D952AFBF501006F618C /* View */,
				E3190D8B2AFA4691006F618C /* Model */,
				E38139242B189C3800CF09F4 /* Storage */,
				E3190D922AFAB6AF006F618C /* Mock */,
				E3190D652AF927B6006F618C /* Preview Content */,
				E3190D5F2AF927B4006F618C /* currency_converterApp.swift */,
				E3190D632AF927B6006F618C /* Assets.xcassets */,
				E38139172B0F9C4600CF09F4 /* Constants.swift */,
			);
			path = "currency-converter";
			sourceTree = "<group>";
		};
		E3190D652AF927B6006F618C /* Preview Content */ = {
			isa = PBXGroup;
			children = (
				E3190D662AF927B6006F618C /* Preview Assets.xcassets */,
			);
			path = "Preview Content";
			sourceTree = "<group>";
		};
		E3190D6F2AF927B7006F618C /* currency-converterTests */ = {
			isa = PBXGroup;
			children = (
				E3190D702AF927B7006F618C /* currency_converterTests.swift */,
			);
			path = "currency-converterTests";
			sourceTree = "<group>";
		};
		E3190D792AF927B7006F618C /* currency-converterUITests */ = {
			isa = PBXGroup;
			children = (
				E3190D7A2AF927B7006F618C /* currency_converterUITests.swift */,
				E3190D7C2AF927B7006F618C /* currency_converterUITestsLaunchTests.swift */,
			);
			path = "currency-converterUITests";
			sourceTree = "<group>";
		};
		E3190D8B2AFA4691006F618C /* Model */ = {
			isa = PBXGroup;
			children = (
				E387AEEF2B3F4A100071DE50 /* Utils */,
				E381392E2B189CFA00CF09F4 /* API */,
				E381392B2B189C8B00CF09F4 /* DB */,
				E381390F2B0F908700CF09F4 /* Loadable.swift */,
				E38139292B189C7800CF09F4 /* Model.swift */,
				E381392F2B189D9600CF09F4 /* ConversionRates.swift */,
			);
			path = Model;
			sourceTree = "<group>";
		};
		E3190D922AFAB6AF006F618C /* Mock */ = {
			isa = PBXGroup;
			children = (
				E3190D932AFAB6BA006F618C /* ConversionMock.swift */,
			);
			path = Mock;
			sourceTree = "<group>";
		};
		E3190D952AFBF501006F618C /* View */ = {
			isa = PBXGroup;
			children = (
				E387AEF62B4060340071DE50 /* LoadingView */,
				E387AEF52B40602C0071DE50 /* ErrorView */,
				E387AEF42B40601A0071DE50 /* Components */,
				E3190D612AF927B4006F618C /* ContentView.swift */,
				E3190D9D2AFE9D9F006F618C /* CurrencyChoiceView.swift */,
			);
			path = View;
			sourceTree = "<group>";
		};
		E3190D962AFBF592006F618C /* IO */ = {
			isa = PBXGroup;
			children = (
				E3190D972AFBF5BC006F618C /* Request.swift */,
				E3190D902AFAA750006F618C /* RequestManager.swift */,
				E3190D892AFA461D006F618C /* OpenExchangeRatesUrl.swift */,
				E38139312B189F4400CF09F4 /* NetworkError.swift */,
			);
			path = IO;
			sourceTree = "<group>";
		};
		E3190D9F2AFEAD0B006F618C /* Extension */ = {
			isa = PBXGroup;
			children = (
				E3190DA02AFEAD20006F618C /* NumberFormatter+extension.swift */,
				E38139352B18A41000CF09F4 /* CurrencyDictionnary+extensions.swift */,
			);
			path = Extension;
			sourceTree = "<group>";
		};
		E38139112B0F95CD00CF09F4 /* Service */ = {
			isa = PBXGroup;
			children = (
				E38139372B18A53900CF09F4 /* OpenExhangeRates */,
				E38139222B189C2500CF09F4 /* Service.swift */,
			);
			path = Service;
			sourceTree = "<group>";
		};
		E38139242B189C3800CF09F4 /* Storage */ = {
			isa = PBXGroup;
			children = (
				E38139252B189C4700CF09F4 /* Storage.swift */,
				E38139272B189C4F00CF09F4 /* DefaultStorage.swift */,
			);
			path = Storage;
			sourceTree = "<group>";
		};
		E381392B2B189C8B00CF09F4 /* DB */ = {
			isa = PBXGroup;
			children = (
				E381392C2B189C9B00CF09F4 /* ConversionRatesDB.swift */,
			);
			path = DB;
			sourceTree = "<group>";
		};
		E381392E2B189CFA00CF09F4 /* API */ = {
			isa = PBXGroup;
			children = (
				E3190D8E2AFA46CB006F618C /* ConversionRatesAPI.swift */,
				E3190D8C2AFA469C006F618C /* Conversion.swift */,
			);
			path = API;
			sourceTree = "<group>";
		};
		E38139372B18A53900CF09F4 /* OpenExhangeRates */ = {
			isa = PBXGroup;
			children = (
				E38139382B18A54E00CF09F4 /* ConversionService.swift */,
				E381393A2B18A55700CF09F4 /* CurrencyService.swift */,
			);
			path = OpenExhangeRates;
			sourceTree = "<group>";
		};
		E387AEEF2B3F4A100071DE50 /* Utils */ = {
			isa = PBXGroup;
			children = (
				E387AEED2B3F47F40071DE50 /* ItemValue.swift */,
			);
			path = Utils;
			sourceTree = "<group>";
		};
		E387AEF42B40601A0071DE50 /* Components */ = {
			isa = PBXGroup;
			children = (
				E387AEEB2B3F457E0071DE50 /* Item.swift */,
				E387AEF02B4059980071DE50 /* CurrencyTextfield.swift */,
				E387AEF22B4059FC0071DE50 /* CurrencySelector.swift */,
			);
			path = Components;
			sourceTree = "<group>";
		};
		E387AEF52B40602C0071DE50 /* ErrorView */ = {
			isa = PBXGroup;
			children = (
				E381391B2B0FA51D00CF09F4 /* ErrorView.swift */,
			);
			path = ErrorView;
			sourceTree = "<group>";
		};
		E387AEF62B4060340071DE50 /* LoadingView */ = {
			isa = PBXGroup;
			children = (
				E38139192B0FA2A600CF09F4 /* LoadingView.swift */,
			);
			path = LoadingView;
			sourceTree = "<group>";
		};
/* End PBXGroup section */

/* Begin PBXNativeTarget section */
		E3190D5B2AF927B3006F618C /* currency-converter */ = {
			isa = PBXNativeTarget;
			buildConfigurationList = E3190D802AF927B7006F618C /* Build configuration list for PBXNativeTarget "currency-converter" */;
			buildPhases = (
				E3190D582AF927B3006F618C /* Sources */,
				E3190D592AF927B3006F618C /* Frameworks */,
				E3190D5A2AF927B3006F618C /* Resources */,
				E387AE8D2B1F15C30071DE50 /* Embed Foundation Extensions */,
				E387AEA02B1F18B50071DE50 /* Embed Frameworks */,
			);
			buildRules = (
			);
			dependencies = (
			);
			name = "currency-converter";
			packageProductDependencies = (
				E381391E2B189BE900CF09F4 /* Realm */,
				E38139202B189BE900CF09F4 /* RealmSwift */,
				E38139412B18FD5C00CF09F4 /* MySDK */,
			);
			productName = "currency-converter";
			productReference = E3190D5C2AF927B4006F618C /* currency-converter.app */;
			productType = "com.apple.product-type.application";
		};
		E3190D6B2AF927B7006F618C /* currency-converterTests */ = {
			isa = PBXNativeTarget;
			buildConfigurationList = E3190D832AF927B7006F618C /* Build configuration list for PBXNativeTarget "currency-converterTests" */;
			buildPhases = (
				E3190D682AF927B7006F618C /* Sources */,
				E3190D692AF927B7006F618C /* Frameworks */,
				E3190D6A2AF927B7006F618C /* Resources */,
			);
			buildRules = (
			);
			dependencies = (
				E3190D6E2AF927B7006F618C /* PBXTargetDependency */,
			);
			name = "currency-converterTests";
			productName = "currency-converterTests";
			productReference = E3190D6C2AF927B7006F618C /* currency-converterTests.xctest */;
			productType = "com.apple.product-type.bundle.unit-test";
		};
		E3190D752AF927B7006F618C /* currency-converterUITests */ = {
			isa = PBXNativeTarget;
			buildConfigurationList = E3190D862AF927B7006F618C /* Build configuration list for PBXNativeTarget "currency-converterUITests" */;
			buildPhases = (
				E3190D722AF927B7006F618C /* Sources */,
				E3190D732AF927B7006F618C /* Frameworks */,
				E3190D742AF927B7006F618C /* Resources */,
			);
			buildRules = (
			);
			dependencies = (
				E3190D782AF927B7006F618C /* PBXTargetDependency */,
			);
			name = "currency-converterUITests";
			productName = "currency-converterUITests";
			productReference = E3190D762AF927B7006F618C /* currency-converterUITests.xctest */;
			productType = "com.apple.product-type.bundle.ui-testing";
		};
/* End PBXNativeTarget section */

/* Begin PBXProject section */
		E3190D542AF927B3006F618C /* Project object */ = {
			isa = PBXProject;
			attributes = {
				BuildIndependentTargetsInParallel = 1;
				LastSwiftUpdateCheck = 1500;
				LastUpgradeCheck = 1500;
				TargetAttributes = {
					E3190D5B2AF927B3006F618C = {
						CreatedOnToolsVersion = 15.0.1;
					};
					E3190D6B2AF927B7006F618C = {
						CreatedOnToolsVersion = 15.0.1;
						TestTargetID = E3190D5B2AF927B3006F618C;
					};
					E3190D752AF927B7006F618C = {
						CreatedOnToolsVersion = 15.0.1;
						TestTargetID = E3190D5B2AF927B3006F618C;
					};
				};
			};
			buildConfigurationList = E3190D572AF927B3006F618C /* Build configuration list for PBXProject "currency-converter" */;
			compatibilityVersion = "Xcode 14.0";
			developmentRegion = en;
			hasScannedForEncodings = 0;
			knownRegions = (
				en,
				Base,
			);
			mainGroup = E3190D532AF927B3006F618C;
			packageReferences = (
				E381391D2B189BE900CF09F4 /* XCRemoteSwiftPackageReference "realm-swift" */,
				E38139402B18FD5C00CF09F4 /* XCLocalSwiftPackageReference "../MySDK" */,
			);
			productRefGroup = E3190D5D2AF927B4006F618C /* Products */;
			projectDirPath = "";
			projectRoot = "";
			targets = (
				E3190D5B2AF927B3006F618C /* currency-converter */,
				E3190D6B2AF927B7006F618C /* currency-converterTests */,
				E3190D752AF927B7006F618C /* currency-converterUITests */,
			);
		};
/* End PBXProject section */

/* Begin PBXResourcesBuildPhase section */
		E3190D5A2AF927B3006F618C /* Resources */ = {
			isa = PBXResourcesBuildPhase;
			buildActionMask = 2147483647;
			files = (
				E3190D672AF927B6006F618C /* Preview Assets.xcassets in Resources */,
				E3190D642AF927B6006F618C /* Assets.xcassets in Resources */,
			);
			runOnlyForDeploymentPostprocessing = 0;
		};
		E3190D6A2AF927B7006F618C /* Resources */ = {
			isa = PBXResourcesBuildPhase;
			buildActionMask = 2147483647;
			files = (
			);
			runOnlyForDeploymentPostprocessing = 0;
		};
		E3190D742AF927B7006F618C /* Resources */ = {
			isa = PBXResourcesBuildPhase;
			buildActionMask = 2147483647;
			files = (
			);
			runOnlyForDeploymentPostprocessing = 0;
		};
/* End PBXResourcesBuildPhase section */

/* Begin PBXSourcesBuildPhase section */
		E3190D582AF927B3006F618C /* Sources */ = {
			isa = PBXSourcesBuildPhase;
			buildActionMask = 2147483647;
			files = (
				E381392A2B189C7800CF09F4 /* Model.swift in Sources */,
				E3190D8A2AFA461D006F618C /* OpenExchangeRatesUrl.swift in Sources */,
				E38139262B189C4700CF09F4 /* Storage.swift in Sources */,
				E3190D982AFBF5BC006F618C /* Request.swift in Sources */,
				E381391C2B0FA51D00CF09F4 /* ErrorView.swift in Sources */,
				E38139392B18A54E00CF09F4 /* ConversionService.swift in Sources */,
				E38139232B189C2500CF09F4 /* Service.swift in Sources */,
				E38139302B189D9600CF09F4 /* ConversionRates.swift in Sources */,
				E38139322B189F4400CF09F4 /* NetworkError.swift in Sources */,
				E387AEF12B4059980071DE50 /* CurrencyTextfield.swift in Sources */,
				E3190D942AFAB6BA006F618C /* ConversionMock.swift in Sources */,
				E381391A2B0FA2A600CF09F4 /* LoadingView.swift in Sources */,
				E38139362B18A41000CF09F4 /* CurrencyDictionnary+extensions.swift in Sources */,
				E381392D2B189C9B00CF09F4 /* ConversionRatesDB.swift in Sources */,
				E38139182B0F9C4600CF09F4 /* Constants.swift in Sources */,
				E387AEEE2B3F47F40071DE50 /* ItemValue.swift in Sources */,
				E3190D622AF927B4006F618C /* ContentView.swift in Sources */,
				E387AEF32B4059FC0071DE50 /* CurrencySelector.swift in Sources */,
				E381393B2B18A55700CF09F4 /* CurrencyService.swift in Sources */,
				E38139102B0F908700CF09F4 /* Loadable.swift in Sources */,
				E38139282B189C4F00CF09F4 /* DefaultStorage.swift in Sources */,
				E3190D912AFAA750006F618C /* RequestManager.swift in Sources */,
				E387AEEC2B3F457E0071DE50 /* Item.swift in Sources */,
				E3190D8D2AFA469C006F618C /* Conversion.swift in Sources */,
				E3190D8F2AFA46CB006F618C /* ConversionRatesAPI.swift in Sources */,
				E3190D9E2AFE9D9F006F618C /* CurrencyChoiceView.swift in Sources */,
				E3190D602AF927B4006F618C /* currency_converterApp.swift in Sources */,
				E3190DA12AFEAD20006F618C /* NumberFormatter+extension.swift in Sources */,
			);
			runOnlyForDeploymentPostprocessing = 0;
		};
		E3190D682AF927B7006F618C /* Sources */ = {
			isa = PBXSourcesBuildPhase;
			buildActionMask = 2147483647;
			files = (
				E3190D712AF927B7006F618C /* currency_converterTests.swift in Sources */,
			);
			runOnlyForDeploymentPostprocessing = 0;
		};
		E3190D722AF927B7006F618C /* Sources */ = {
			isa = PBXSourcesBuildPhase;
			buildActionMask = 2147483647;
			files = (
				E3190D7D2AF927B7006F618C /* currency_converterUITestsLaunchTests.swift in Sources */,
				E3190D7B2AF927B7006F618C /* currency_converterUITests.swift in Sources */,
			);
			runOnlyForDeploymentPostprocessing = 0;
		};
/* End PBXSourcesBuildPhase section */

/* Begin PBXTargetDependency section */
		E3190D6E2AF927B7006F618C /* PBXTargetDependency */ = {
			isa = PBXTargetDependency;
			target = E3190D5B2AF927B3006F618C /* currency-converter */;
			targetProxy = E3190D6D2AF927B7006F618C /* PBXContainerItemProxy */;
		};
		E3190D782AF927B7006F618C /* PBXTargetDependency */ = {
			isa = PBXTargetDependency;
			target = E3190D5B2AF927B3006F618C /* currency-converter */;
			targetProxy = E3190D772AF927B7006F618C /* PBXContainerItemProxy */;
		};
/* End PBXTargetDependency section */

/* Begin XCBuildConfiguration section */
		E3190D7E2AF927B7006F618C /* Debug */ = {
			isa = XCBuildConfiguration;
			buildSettings = {
				ALWAYS_SEARCH_USER_PATHS = NO;
				ASSETCATALOG_COMPILER_GENERATE_SWIFT_ASSET_SYMBOL_EXTENSIONS = YES;
				CLANG_ANALYZER_NONNULL = YES;
				CLANG_ANALYZER_NUMBER_OBJECT_CONVERSION = YES_AGGRESSIVE;
				CLANG_CXX_LANGUAGE_STANDARD = "gnu++20";
				CLANG_ENABLE_MODULES = YES;
				CLANG_ENABLE_OBJC_ARC = YES;
				CLANG_ENABLE_OBJC_WEAK = YES;
				CLANG_WARN_BLOCK_CAPTURE_AUTORELEASING = YES;
				CLANG_WARN_BOOL_CONVERSION = YES;
				CLANG_WARN_COMMA = YES;
				CLANG_WARN_CONSTANT_CONVERSION = YES;
				CLANG_WARN_DEPRECATED_OBJC_IMPLEMENTATIONS = YES;
				CLANG_WARN_DIRECT_OBJC_ISA_USAGE = YES_ERROR;
				CLANG_WARN_DOCUMENTATION_COMMENTS = YES;
				CLANG_WARN_EMPTY_BODY = YES;
				CLANG_WARN_ENUM_CONVERSION = YES;
				CLANG_WARN_INFINITE_RECURSION = YES;
				CLANG_WARN_INT_CONVERSION = YES;
				CLANG_WARN_NON_LITERAL_NULL_CONVERSION = YES;
				CLANG_WARN_OBJC_IMPLICIT_RETAIN_SELF = YES;
				CLANG_WARN_OBJC_LITERAL_CONVERSION = YES;
				CLANG_WARN_OBJC_ROOT_CLASS = YES_ERROR;
				CLANG_WARN_QUOTED_INCLUDE_IN_FRAMEWORK_HEADER = YES;
				CLANG_WARN_RANGE_LOOP_ANALYSIS = YES;
				CLANG_WARN_STRICT_PROTOTYPES = YES;
				CLANG_WARN_SUSPICIOUS_MOVE = YES;
				CLANG_WARN_UNGUARDED_AVAILABILITY = YES_AGGRESSIVE;
				CLANG_WARN_UNREACHABLE_CODE = YES;
				CLANG_WARN__DUPLICATE_METHOD_MATCH = YES;
				COPY_PHASE_STRIP = NO;
				DEBUG_INFORMATION_FORMAT = dwarf;
				ENABLE_STRICT_OBJC_MSGSEND = YES;
				ENABLE_TESTABILITY = YES;
				ENABLE_USER_SCRIPT_SANDBOXING = YES;
				GCC_C_LANGUAGE_STANDARD = gnu17;
				GCC_DYNAMIC_NO_PIC = NO;
				GCC_NO_COMMON_BLOCKS = YES;
				GCC_OPTIMIZATION_LEVEL = 0;
				GCC_PREPROCESSOR_DEFINITIONS = (
					"DEBUG=1",
					"$(inherited)",
				);
				GCC_WARN_64_TO_32_BIT_CONVERSION = YES;
				GCC_WARN_ABOUT_RETURN_TYPE = YES_ERROR;
				GCC_WARN_UNDECLARED_SELECTOR = YES;
				GCC_WARN_UNINITIALIZED_AUTOS = YES_AGGRESSIVE;
				GCC_WARN_UNUSED_FUNCTION = YES;
				GCC_WARN_UNUSED_VARIABLE = YES;
				IPHONEOS_DEPLOYMENT_TARGET = 17.0;
				LOCALIZATION_PREFERS_STRING_CATALOGS = YES;
				MTL_ENABLE_DEBUG_INFO = INCLUDE_SOURCE;
				MTL_FAST_MATH = YES;
				ONLY_ACTIVE_ARCH = YES;
				SDKROOT = iphoneos;
				SWIFT_ACTIVE_COMPILATION_CONDITIONS = "DEBUG $(inherited)";
				SWIFT_OPTIMIZATION_LEVEL = "-Onone";
			};
			name = Debug;
		};
		E3190D7F2AF927B7006F618C /* Release */ = {
			isa = XCBuildConfiguration;
			buildSettings = {
				ALWAYS_SEARCH_USER_PATHS = NO;
				ASSETCATALOG_COMPILER_GENERATE_SWIFT_ASSET_SYMBOL_EXTENSIONS = YES;
				CLANG_ANALYZER_NONNULL = YES;
				CLANG_ANALYZER_NUMBER_OBJECT_CONVERSION = YES_AGGRESSIVE;
				CLANG_CXX_LANGUAGE_STANDARD = "gnu++20";
				CLANG_ENABLE_MODULES = YES;
				CLANG_ENABLE_OBJC_ARC = YES;
				CLANG_ENABLE_OBJC_WEAK = YES;
				CLANG_WARN_BLOCK_CAPTURE_AUTORELEASING = YES;
				CLANG_WARN_BOOL_CONVERSION = YES;
				CLANG_WARN_COMMA = YES;
				CLANG_WARN_CONSTANT_CONVERSION = YES;
				CLANG_WARN_DEPRECATED_OBJC_IMPLEMENTATIONS = YES;
				CLANG_WARN_DIRECT_OBJC_ISA_USAGE = YES_ERROR;
				CLANG_WARN_DOCUMENTATION_COMMENTS = YES;
				CLANG_WARN_EMPTY_BODY = YES;
				CLANG_WARN_ENUM_CONVERSION = YES;
				CLANG_WARN_INFINITE_RECURSION = YES;
				CLANG_WARN_INT_CONVERSION = YES;
				CLANG_WARN_NON_LITERAL_NULL_CONVERSION = YES;
				CLANG_WARN_OBJC_IMPLICIT_RETAIN_SELF = YES;
				CLANG_WARN_OBJC_LITERAL_CONVERSION = YES;
				CLANG_WARN_OBJC_ROOT_CLASS = YES_ERROR;
				CLANG_WARN_QUOTED_INCLUDE_IN_FRAMEWORK_HEADER = YES;
				CLANG_WARN_RANGE_LOOP_ANALYSIS = YES;
				CLANG_WARN_STRICT_PROTOTYPES = YES;
				CLANG_WARN_SUSPICIOUS_MOVE = YES;
				CLANG_WARN_UNGUARDED_AVAILABILITY = YES_AGGRESSIVE;
				CLANG_WARN_UNREACHABLE_CODE = YES;
				CLANG_WARN__DUPLICATE_METHOD_MATCH = YES;
				COPY_PHASE_STRIP = NO;
				DEBUG_INFORMATION_FORMAT = "dwarf-with-dsym";
				ENABLE_NS_ASSERTIONS = NO;
				ENABLE_STRICT_OBJC_MSGSEND = YES;
				ENABLE_USER_SCRIPT_SANDBOXING = YES;
				GCC_C_LANGUAGE_STANDARD = gnu17;
				GCC_NO_COMMON_BLOCKS = YES;
				GCC_WARN_64_TO_32_BIT_CONVERSION = YES;
				GCC_WARN_ABOUT_RETURN_TYPE = YES_ERROR;
				GCC_WARN_UNDECLARED_SELECTOR = YES;
				GCC_WARN_UNINITIALIZED_AUTOS = YES_AGGRESSIVE;
				GCC_WARN_UNUSED_FUNCTION = YES;
				GCC_WARN_UNUSED_VARIABLE = YES;
				IPHONEOS_DEPLOYMENT_TARGET = 17.0;
				LOCALIZATION_PREFERS_STRING_CATALOGS = YES;
				MTL_ENABLE_DEBUG_INFO = NO;
				MTL_FAST_MATH = YES;
				SDKROOT = iphoneos;
				SWIFT_COMPILATION_MODE = wholemodule;
				VALIDATE_PRODUCT = YES;
			};
			name = Release;
		};
		E3190D812AF927B7006F618C /* Debug */ = {
			isa = XCBuildConfiguration;
			buildSettings = {
				ASSETCATALOG_COMPILER_APPICON_NAME = AppIcon;
				ASSETCATALOG_COMPILER_GLOBAL_ACCENT_COLOR_NAME = AccentColor;
				CODE_SIGN_STYLE = Automatic;
				CURRENT_PROJECT_VERSION = 1;
				DEVELOPMENT_ASSET_PATHS = "\"currency-converter/Preview Content\"";
				DEVELOPMENT_TEAM = G938VN3RWX;
				ENABLE_PREVIEWS = YES;
				GENERATE_INFOPLIST_FILE = YES;
				INFOPLIST_KEY_UIApplicationSceneManifest_Generation = YES;
				INFOPLIST_KEY_UIApplicationSupportsIndirectInputEvents = YES;
				INFOPLIST_KEY_UILaunchScreen_Generation = YES;
				INFOPLIST_KEY_UISupportedInterfaceOrientations_iPad = "UIInterfaceOrientationPortrait UIInterfaceOrientationPortraitUpsideDown UIInterfaceOrientationLandscapeLeft UIInterfaceOrientationLandscapeRight";
				INFOPLIST_KEY_UISupportedInterfaceOrientations_iPhone = "UIInterfaceOrientationPortrait UIInterfaceOrientationLandscapeLeft UIInterfaceOrientationLandscapeRight";
				LD_RUNPATH_SEARCH_PATHS = (
					"$(inherited)",
					"@executable_path/Frameworks",
				);
				MARKETING_VERSION = 1.0;
				PRODUCT_BUNDLE_IDENTIFIER = "com.odd.currency-converter";
				PRODUCT_NAME = "$(TARGET_NAME)";
				SWIFT_EMIT_LOC_STRINGS = YES;
				SWIFT_VERSION = 5.0;
				TARGETED_DEVICE_FAMILY = "1,2";
			};
			name = Debug;
		};
		E3190D822AF927B7006F618C /* Release */ = {
			isa = XCBuildConfiguration;
			buildSettings = {
				ASSETCATALOG_COMPILER_APPICON_NAME = AppIcon;
				ASSETCATALOG_COMPILER_GLOBAL_ACCENT_COLOR_NAME = AccentColor;
				CODE_SIGN_STYLE = Automatic;
				CURRENT_PROJECT_VERSION = 1;
				DEVELOPMENT_ASSET_PATHS = "\"currency-converter/Preview Content\"";
				DEVELOPMENT_TEAM = G938VN3RWX;
				ENABLE_PREVIEWS = YES;
				GENERATE_INFOPLIST_FILE = YES;
				INFOPLIST_KEY_UIApplicationSceneManifest_Generation = YES;
				INFOPLIST_KEY_UIApplicationSupportsIndirectInputEvents = YES;
				INFOPLIST_KEY_UILaunchScreen_Generation = YES;
				INFOPLIST_KEY_UISupportedInterfaceOrientations_iPad = "UIInterfaceOrientationPortrait UIInterfaceOrientationPortraitUpsideDown UIInterfaceOrientationLandscapeLeft UIInterfaceOrientationLandscapeRight";
				INFOPLIST_KEY_UISupportedInterfaceOrientations_iPhone = "UIInterfaceOrientationPortrait UIInterfaceOrientationLandscapeLeft UIInterfaceOrientationLandscapeRight";
				LD_RUNPATH_SEARCH_PATHS = (
					"$(inherited)",
					"@executable_path/Frameworks",
				);
				MARKETING_VERSION = 1.0;
				PRODUCT_BUNDLE_IDENTIFIER = "com.odd.currency-converter";
				PRODUCT_NAME = "$(TARGET_NAME)";
				SWIFT_EMIT_LOC_STRINGS = YES;
				SWIFT_VERSION = 5.0;
				TARGETED_DEVICE_FAMILY = "1,2";
			};
			name = Release;
		};
		E3190D842AF927B7006F618C /* Debug */ = {
			isa = XCBuildConfiguration;
			buildSettings = {
				ALWAYS_EMBED_SWIFT_STANDARD_LIBRARIES = YES;
				BUNDLE_LOADER = "$(TEST_HOST)";
				CODE_SIGN_STYLE = Automatic;
				CURRENT_PROJECT_VERSION = 1;
				DEVELOPMENT_TEAM = G938VN3RWX;
				GENERATE_INFOPLIST_FILE = YES;
				IPHONEOS_DEPLOYMENT_TARGET = 17.0;
				MARKETING_VERSION = 1.0;
				PRODUCT_BUNDLE_IDENTIFIER = "com.odd.currency-converterTests";
				PRODUCT_NAME = "$(TARGET_NAME)";
				SWIFT_EMIT_LOC_STRINGS = NO;
				SWIFT_VERSION = 5.0;
				TARGETED_DEVICE_FAMILY = "1,2";
				TEST_HOST = "$(BUILT_PRODUCTS_DIR)/currency-converter.app/$(BUNDLE_EXECUTABLE_FOLDER_PATH)/currency-converter";
			};
			name = Debug;
		};
		E3190D852AF927B7006F618C /* Release */ = {
			isa = XCBuildConfiguration;
			buildSettings = {
				ALWAYS_EMBED_SWIFT_STANDARD_LIBRARIES = YES;
				BUNDLE_LOADER = "$(TEST_HOST)";
				CODE_SIGN_STYLE = Automatic;
				CURRENT_PROJECT_VERSION = 1;
				DEVELOPMENT_TEAM = G938VN3RWX;
				GENERATE_INFOPLIST_FILE = YES;
				IPHONEOS_DEPLOYMENT_TARGET = 17.0;
				MARKETING_VERSION = 1.0;
				PRODUCT_BUNDLE_IDENTIFIER = "com.odd.currency-converterTests";
				PRODUCT_NAME = "$(TARGET_NAME)";
				SWIFT_EMIT_LOC_STRINGS = NO;
				SWIFT_VERSION = 5.0;
				TARGETED_DEVICE_FAMILY = "1,2";
				TEST_HOST = "$(BUILT_PRODUCTS_DIR)/currency-converter.app/$(BUNDLE_EXECUTABLE_FOLDER_PATH)/currency-converter";
			};
			name = Release;
		};
		E3190D872AF927B7006F618C /* Debug */ = {
			isa = XCBuildConfiguration;
			buildSettings = {
				ALWAYS_EMBED_SWIFT_STANDARD_LIBRARIES = YES;
				CODE_SIGN_STYLE = Automatic;
				CURRENT_PROJECT_VERSION = 1;
				DEVELOPMENT_TEAM = G938VN3RWX;
				GENERATE_INFOPLIST_FILE = YES;
				MARKETING_VERSION = 1.0;
				PRODUCT_BUNDLE_IDENTIFIER = "com.odd.currency-converterUITests";
				PRODUCT_NAME = "$(TARGET_NAME)";
				SWIFT_EMIT_LOC_STRINGS = NO;
				SWIFT_VERSION = 5.0;
				TARGETED_DEVICE_FAMILY = "1,2";
				TEST_TARGET_NAME = "currency-converter";
			};
			name = Debug;
		};
		E3190D882AF927B7006F618C /* Release */ = {
			isa = XCBuildConfiguration;
			buildSettings = {
				ALWAYS_EMBED_SWIFT_STANDARD_LIBRARIES = YES;
				CODE_SIGN_STYLE = Automatic;
				CURRENT_PROJECT_VERSION = 1;
				DEVELOPMENT_TEAM = G938VN3RWX;
				GENERATE_INFOPLIST_FILE = YES;
				MARKETING_VERSION = 1.0;
				PRODUCT_BUNDLE_IDENTIFIER = "com.odd.currency-converterUITests";
				PRODUCT_NAME = "$(TARGET_NAME)";
				SWIFT_EMIT_LOC_STRINGS = NO;
				SWIFT_VERSION = 5.0;
				TARGETED_DEVICE_FAMILY = "1,2";
				TEST_TARGET_NAME = "currency-converter";
			};
			name = Release;
		};
/* End XCBuildConfiguration section */

/* Begin XCConfigurationList section */
		E3190D572AF927B3006F618C /* Build configuration list for PBXProject "currency-converter" */ = {
			isa = XCConfigurationList;
			buildConfigurations = (
				E3190D7E2AF927B7006F618C /* Debug */,
				E3190D7F2AF927B7006F618C /* Release */,
			);
			defaultConfigurationIsVisible = 0;
			defaultConfigurationName = Release;
		};
		E3190D802AF927B7006F618C /* Build configuration list for PBXNativeTarget "currency-converter" */ = {
			isa = XCConfigurationList;
			buildConfigurations = (
				E3190D812AF927B7006F618C /* Debug */,
				E3190D822AF927B7006F618C /* Release */,
			);
			defaultConfigurationIsVisible = 0;
			defaultConfigurationName = Release;
		};
		E3190D832AF927B7006F618C /* Build configuration list for PBXNativeTarget "currency-converterTests" */ = {
			isa = XCConfigurationList;
			buildConfigurations = (
				E3190D842AF927B7006F618C /* Debug */,
				E3190D852AF927B7006F618C /* Release */,
			);
			defaultConfigurationIsVisible = 0;
			defaultConfigurationName = Release;
		};
		E3190D862AF927B7006F618C /* Build configuration list for PBXNativeTarget "currency-converterUITests" */ = {
			isa = XCConfigurationList;
			buildConfigurations = (
				E3190D872AF927B7006F618C /* Debug */,
				E3190D882AF927B7006F618C /* Release */,
			);
			defaultConfigurationIsVisible = 0;
			defaultConfigurationName = Release;
		};
/* End XCConfigurationList section */

/* Begin XCLocalSwiftPackageReference section */
		E38139402B18FD5C00CF09F4 /* XCLocalSwiftPackageReference "../MySDK" */ = {
			isa = XCLocalSwiftPackageReference;
			relativePath = ../MySDK;
		};
/* End XCLocalSwiftPackageReference section */

/* Begin XCRemoteSwiftPackageReference section */
		E381391D2B189BE900CF09F4 /* XCRemoteSwiftPackageReference "realm-swift" */ = {
			isa = XCRemoteSwiftPackageReference;
			repositoryURL = "https://github.com/realm/realm-swift.git";
			requirement = {
				kind = upToNextMajorVersion;
				minimumVersion = 10.44.0;
			};
		};
/* End XCRemoteSwiftPackageReference section */

/* Begin XCSwiftPackageProductDependency section */
		E381391E2B189BE900CF09F4 /* Realm */ = {
			isa = XCSwiftPackageProductDependency;
			package = E381391D2B189BE900CF09F4 /* XCRemoteSwiftPackageReference "realm-swift" */;
			productName = Realm;
		};
		E38139202B189BE900CF09F4 /* RealmSwift */ = {
			isa = XCSwiftPackageProductDependency;
			package = E381391D2B189BE900CF09F4 /* XCRemoteSwiftPackageReference "realm-swift" */;
			productName = RealmSwift;
		};
		E38139412B18FD5C00CF09F4 /* MySDK */ = {
			isa = XCSwiftPackageProductDependency;
			productName = MySDK;
		};
/* End XCSwiftPackageProductDependency section */
	};
	rootObject = E3190D542AF927B3006F618C /* Project object */;
}
